PODS:
  - BigInt (3.1.0):
    - SipHash (~> 1.2)
  - CryptoSwift (0.10.0)
  - EtherKit (0.2.0):
    - EtherKit/Core (= 0.2.0)
    - EtherKit/PromiseKit (= 0.2.0)
  - EtherKit/Core (0.2.0):
    - BigInt
    - CryptoSwift
    - Marshal
    - Result (~> 4.0.0)
    - secp256k1.swift
    - Starscream
  - EtherKit/PromiseKit (0.2.0):
    - EtherKit/Core
    - PromiseKit/CorePromise
  - Marshal (1.2.4)
  - PromiseKit/CorePromise (6.3.0)
  - Result (4.0.0)
  - secp256k1.swift (0.1.4)
  - SipHash (1.2.2)
  - Starscream (3.0.5)
  - SwiftCheck (0.10.0)

DEPENDENCIES:
  - EtherKit (from `../`)
  - SwiftCheck

SPEC REPOS:
  https://github.com/cocoapods/specs.git:
    - BigInt
    - CryptoSwift
    - Marshal
    - PromiseKit
    - Result
    - secp256k1.swift
    - SipHash
    - Starscream
    - SwiftCheck

EXTERNAL SOURCES:
  EtherKit:
    :path: "../"

SPEC CHECKSUMS:
  BigInt: 76b5dfdfa3e2e478d4ffdf161aeede5502e2742f
  CryptoSwift: 6c778d69282bed3b4e975ff97a79d074f20bb011
  EtherKit: 5250c0bd414a343e442973fec97d2a8fd8efcdbb
  Marshal: 8e04e6624e506921db7143b0bfd83caee03f32d6
  PromiseKit: cf84bbb1235a61473b326c5cf0b41f6828f87ba5
  Result: 7645bb3f50c2ce726dd0ff2fa7b6f42bbe6c3713
  secp256k1.swift: a7e7a214f6db6ce5db32cc6b2b45e5c4dd633634
  SipHash: fad90a4683e420c52ef28063063dbbce248ea6d4
  Starscream: faf918b2f2eff7d5dd21180646bf015a669673bd
  SwiftCheck: 8a3c3638941467bc142d625f374a8409dd262ae8

PODFILE CHECKSUM: 1b90f733f5b06c3d9e7a7a5dc6b438519fe1ac57

COCOAPODS: 1.5.3
